
Microsoft Visual Studio Solution File, Format Version 12.00
# Visual Studio 14
VisualStudioVersion = 14.0.25420.1
MinimumVisualStudioVersion = 10.0.40219.1
Project("{FAE04EC0-301F-11D3-BF4B-00C04F79EFBC}") = "CodedUITestProject1", "CodedUITestProject1\CodedUITestProject1.csproj", "{093A65FB-BF7B-409D-9761-4FE398909A55}"
EndProject
Global
	GlobalSection(SolutionConfigurationPlatforms) = preSolution
		Debug|Any CPU = Debug|Any CPU
		Release|Any CPU = Release|Any CPU
	EndGlobalSection
	GlobalSection(ProjectConfigurationPlatforms) = postSolution
		{093A65FB-BF7B-409D-9761-4FE398909A55}.Debug|Any CPU.ActiveCfg = Debug|Any CPU
		{093A65FB-BF7B-409D-9761-4FE398909A55}.Debug|Any CPU.Build.0 = Debug|Any CPU
		{093A65FB-BF7B-409D-9761-4FE398909A55}.Release|Any CPU.ActiveCfg = Release|Any CPU
		{093A65FB-BF7B-409D-9761-4FE398909A55}.Release|Any CPU.Build.0 = Release|Any CPU
	EndGlobalSection
	GlobalSection(SolutionProperties) = preSolution
		HideSolutionNode = FALSE
	EndGlobalSection
EndGlobal
